
Microsoft Visual Studio Solution File, Format Version 12.00
# Visual Studio Version 16
VisualStudioVersion = 16.0.29001.49
MinimumVisualStudioVersion = 10.0.40219.1
Project("{FAE04EC0-301F-11D3-BF4B-00C04F79EFBC}") = "LPR", "LPR.csproj", "{2CD99CAF-E177-44C6-97CD-04E195ABC275}"
EndProject
Global
	GlobalSection(SolutionConfigurationPlatforms) = preSolution
		Debug|Any CPU = Debug|Any CPU
		Release|Any CPU = Release|Any CPU
	EndGlobalSection
	GlobalSection(ProjectConfigurationPlatforms) = postSolution
		{2CD99CAF-E177-44C6-97CD-04E195ABC275}.Debug|Any CPU.ActiveCfg = Debug|Any CPU
		{2CD99CAF-E177-44C6-97CD-04E195ABC275}.Debug|Any CPU.Build.0 = Debug|Any CPU
		{2CD99CAF-E177-44C6-97CD-04E195ABC275}.Release|Any CPU.ActiveCfg = Release|Any CPU
		{2CD99CAF-E177-44C6-97CD-04E195ABC275}.Release|Any CPU.Build.0 = Release|Any CPU
	EndGlobalSection
	GlobalSection(SolutionProperties) = preSolution
		HideSolutionNode = FALSE
	EndGlobalSection
	GlobalSection(ExtensibilityGlobals) = postSolution
		SolutionGuid = {8F6F4478-F224-4AAB-A91D-B3C81D8DDE76}
	EndGlobalSection
EndGlobal
